
Microsoft Visual Studio Solution File, Format Version 12.00
# Visual Studio Version 17
VisualStudioVersion = 17.7.34031.279
MinimumVisualStudioVersion = 10.0.40219.1
Project("{FAE04EC0-301F-11D3-BF4B-00C04F79EFBC}") = "BattleShip-DSA-Project", "BattleShip-DSA-Project\BattleShip-DSA-Project.csproj", "{DC37B6F0-72AA-4D19-9C5C-E36F4E968928}"
EndProject
Global
	GlobalSection(SolutionConfigurationPlatforms) = preSolution
		Debug|Any CPU = Debug|Any CPU
		Release|Any CPU = Release|Any CPU
	EndGlobalSection
	GlobalSection(ProjectConfigurationPlatforms) = postSolution
		{DC37B6F0-72AA-4D19-9C5C-E36F4E968928}.Debug|Any CPU.ActiveCfg = Debug|Any CPU
		{DC37B6F0-72AA-4D19-9C5C-E36F4E968928}.Debug|Any CPU.Build.0 = Debug|Any CPU
		{DC37B6F0-72AA-4D19-9C5C-E36F4E968928}.Release|Any CPU.ActiveCfg = Release|Any CPU
		{DC37B6F0-72AA-4D19-9C5C-E36F4E968928}.Release|Any CPU.Build.0 = Release|Any CPU
	EndGlobalSection
	GlobalSection(SolutionProperties) = preSolution
		HideSolutionNode = FALSE
	EndGlobalSection
	GlobalSection(ExtensibilityGlobals) = postSolution
		SolutionGuid = {3DCC21E7-2874-4519-A00C-1A60E54D5BA4}
	EndGlobalSection
EndGlobal
